<Solution>
  <Folder Name="/src/">
    <Project Path="Application/Application.csproj" />
    <Project Path="Domain/Domain.csproj" />
    <Project Path="Infrastructure/Infrastructure.csproj" />
    <Project Path="Persistence/Persistence.csproj" />
  </Folder>
  <Folder Name="/src/Presentation/">
    <Project Path="FerrodoERPApi/FerrodoERPApi.csproj" />
    <Project Path="PresentationBase/PresentationBase.csproj" Id="f51a15eb-516e-4547-a607-416c0cbdad40" />
  </Folder>
</Solution>
